<?xml version="1.0" encoding="UTF-8"?>
<Scheme
   LastUpgradeVersion = "0720"
   version = "1.3">
   <BuildAction
      parallelizeBuildables = "YES"
      buildImplicitDependencies = "YES">
      <BuildActionEntries>
         <BuildActionEntry
            buildForTesting = "YES"
            buildForRunning = "YES"
            buildForProfiling = "YES"
            buildForArchiving = "YES"
            buildForAnalyzing = "YES">
            <BuildableReference
               BuildableIdentifier = "primary"
               BlueprintIdentifier = "ECA85A411C7DBD14006D64EF"
               BuildableName = "WatchApp.app"
               BlueprintName = "WatchApp"
               ReferencedContainer = "container:WatchLoginAuthenticationThroughiPhone.xcodeproj">
            </BuildableReference>
         </BuildActionEntry>
         <BuildActionEntry
            buildForTesting = "YES"
            buildForRunning = "YES"
            buildForProfiling = "YES"
            buildForArchiving = "YES"
            buildForAnalyzing = "YES">
            <BuildableReference
               BuildableIdentifier = "primary"
               BlueprintIdentifier = "ECA85A2A1C7DBBB7006D64EF"
               BuildableName = "WatchLoginAuthenticationThroughiPhone.app"
               BlueprintName = "WatchLoginAuthenticationThroughiPhone"
               ReferencedContainer = "container:WatchLoginAuthenticationThroughiPhone.xcodeproj">
            </BuildableReference>
         </BuildActionEntry>
         <BuildActionEntry
            buildForTesting = "YES"
            buildForRunning = "YES"
            buildForProfiling = "YES"
            buildForArchiving = "YES"
            buildForAnalyzing = "YES">
            <BuildableReference
               BuildableIdentifier = "primary"
               BlueprintIdentifier = "ECA85A4D1C7DBD15006D64EF"
               BuildableName = "WatchApp Extension.appex"
               BlueprintName = "WatchApp Extension"
               ReferencedContainer = "container:WatchLoginAuthenticationThroughiPhone.xcodeproj">
            </BuildableReference>
         </BuildActionEntry>
      </BuildActionEntries>
   </BuildAction>
   <TestAction
      buildConfiguration = "Debug"
      selectedDebuggerIdentifier = "Xcode.DebuggerFoundation.Debugger.LLDB"
      selectedLauncherIdentifier = "Xcode.DebuggerFoundation.Launcher.LLDB"
      shouldUseLaunchSchemeArgsEnv = "YES">
      <Testables>
      </Testables>
      <MacroExpansion>
         <BuildableReference
            BuildableIdentifier = "primary"
            BlueprintIdentifier = "ECA85A411C7DBD14006D64EF"
            BuildableName = "WatchApp.app"
            BlueprintName = "WatchApp"
            ReferencedContainer = "container:WatchLoginAuthenticationThroughiPhone.xcodeproj">
         </BuildableReference>
      </MacroExpansion>
      <AdditionalOptions>
      </AdditionalOptions>
   </TestAction>
   <LaunchAction
      buildConfiguration = "Debug"
      selectedDebuggerIdentifier = "Xcode.DebuggerFoundation.Debugger.LLDB"
      selectedLauncherIdentifier = "Xcode.DebuggerFoundation.Launcher.LLDB"
      launchStyle = "0"
      useCustomWorkingDirectory = "NO"
      ignoresPersistentStateOnLaunch = "NO"
      debugDocumentVersioning = "YES"
      debugServiceExtension = "internal"
      allowLocationSimulation = "YES"
      notificationPayloadFile = "WatchApp Extension/PushNotificationPayload.apns">
      <RemoteRunnable
         runnableDebuggingMode = "2"
         BundleIdentifier = "com.apple.carousel"
         RemotePath = "/WatchLoginAuthenticationThroughiPhone">
         <BuildableReference
            BuildableIdentifier = "primary"
            BlueprintIdentifier = "ECA85A411C7DBD14006D64EF"
            BuildableName = "WatchApp.app"
            BlueprintName = "WatchApp"
            ReferencedContainer = "container:WatchLoginAuthenticationThroughiPhone.xcodeproj">
         </BuildableReference>
      </RemoteRunnable>
      <MacroExpansion>
         <BuildableReference
            BuildableIdentifier = "primary"
            BlueprintIdentifier = "ECA85A411C7DBD14006D64EF"
            BuildableName = "WatchApp.app"
            BlueprintName = "WatchApp"
            ReferencedContainer = "container:WatchLoginAuthenticationThroughiPhone.xcodeproj">
         </BuildableReference>
      </MacroExpansion>
      <AdditionalOptions>
         <AdditionalOption
            key = "NSZombieEnabled"
            value = "YES"
            isEnabled = "YES">
         </AdditionalOption>
      </AdditionalOptions>
   </LaunchAction>
   <ProfileAction
      buildConfiguration = "Release"
      shouldUseLaunchSchemeArgsEnv = "YES"
      savedToolIdentifier = ""
      useCustomWorkingDirectory = "NO"
      debugDocumentVersioning = "YES">
      <RemoteRunnable
         runnableDebuggingMode = "2"
         BundleIdentifier = "com.apple.carousel"
         RemotePath = "/WatchLoginAuthenticationThroughiPhone">
         <BuildableReference
            BuildableIdentifier = "primary"
            BlueprintIdentifier = "ECA85A411C7DBD14006D64EF"
            BuildableName = "WatchApp.app"
            BlueprintName = "WatchApp"
            ReferencedContainer = "container:WatchLoginAuthenticationThroughiPhone.xcodeproj">
         </BuildableReference>
      </RemoteRunnable>
      <MacroExpansion>
         <BuildableReference
            BuildableIdentifier = "primary"
            BlueprintIdentifier = "ECA85A411C7DBD14006D64EF"
            BuildableName = "WatchApp.app"
            BlueprintName = "WatchApp"
            ReferencedContainer = "container:WatchLoginAuthenticationThroughiPhone.xcodeproj">
         </BuildableReference>
      </MacroExpansion>
   </ProfileAction>
   <AnalyzeAction
      buildConfiguration = "Debug">
   </AnalyzeAction>
   <ArchiveAction
      buildConfiguration = "Release"
      revealArchiveInOrganizer = "YES">
   </ArchiveAction>
</Scheme>
